
Microsoft Visual Studio Solution File, Format Version 12.00
# Visual Studio Version 17
VisualStudioVersion = 17.9.34728.123
MinimumVisualStudioVersion = 10.0.40219.1
Project("{FAE04EC0-301F-11D3-BF4B-00C04F79EFBC}") = "WinForms", "ProjetoJeffersonADM\WinForms.csproj", "{03C194A7-BAFD-455A-85F2-6EDC42B56DEE}"
EndProject
Project("{2150E333-8FDC-42A3-9474-1A3956D46DE8}") = "Solution Items", "Solution Items", "{869A1648-AB60-4682-8B08-41DD6C204AF5}"
	ProjectSection(SolutionItems) = preProject
		.editorconfig = .editorconfig
	EndProjectSection
EndProject
Global
	GlobalSection(SolutionConfigurationPlatforms) = preSolution
		Debug|Any CPU = Debug|Any CPU
		Release|Any CPU = Release|Any CPU
	EndGlobalSection
	GlobalSection(ProjectConfigurationPlatforms) = postSolution
		{03C194A7-BAFD-455A-85F2-6EDC42B56DEE}.Debug|Any CPU.ActiveCfg = Debug|Any CPU
		{03C194A7-BAFD-455A-85F2-6EDC42B56DEE}.Debug|Any CPU.Build.0 = Debug|Any CPU
		{03C194A7-BAFD-455A-85F2-6EDC42B56DEE}.Release|Any CPU.ActiveCfg = Release|Any CPU
		{03C194A7-BAFD-455A-85F2-6EDC42B56DEE}.Release|Any CPU.Build.0 = Release|Any CPU
	EndGlobalSection
	GlobalSection(SolutionProperties) = preSolution
		HideSolutionNode = FALSE
	EndGlobalSection
	GlobalSection(ExtensibilityGlobals) = postSolution
		SolutionGuid = {7E1C5D50-41E3-49EC-B353-992146856189}
	EndGlobalSection
EndGlobal
