
Microsoft Visual Studio Solution File, Format Version 12.00
# Visual Studio Version 17
VisualStudioVersion = 17.9.34728.123
MinimumVisualStudioVersion = 10.0.40219.1
Project("{FAE04EC0-301F-11D3-BF4B-00C04F79EFBC}") = "Fabricante", "Fabricante\Fabricante.csproj", "{9625BE20-F29C-432D-8C87-880729B9DD6E}"
EndProject
Global
	GlobalSection(SolutionConfigurationPlatforms) = preSolution
		Debug|Any CPU = Debug|Any CPU
		Release|Any CPU = Release|Any CPU
	EndGlobalSection
	GlobalSection(ProjectConfigurationPlatforms) = postSolution
		{9625BE20-F29C-432D-8C87-880729B9DD6E}.Debug|Any CPU.ActiveCfg = Debug|Any CPU
		{9625BE20-F29C-432D-8C87-880729B9DD6E}.Debug|Any CPU.Build.0 = Debug|Any CPU
		{9625BE20-F29C-432D-8C87-880729B9DD6E}.Release|Any CPU.ActiveCfg = Release|Any CPU
		{9625BE20-F29C-432D-8C87-880729B9DD6E}.Release|Any CPU.Build.0 = Release|Any CPU
	EndGlobalSection
	GlobalSection(SolutionProperties) = preSolution
		HideSolutionNode = FALSE
	EndGlobalSection
	GlobalSection(ExtensibilityGlobals) = postSolution
		SolutionGuid = {A5C015BB-142C-4648-B0F0-4EACF53F2D82}
	EndGlobalSection
EndGlobal
