
Microsoft Visual Studio Solution File, Format Version 12.00
# Visual Studio Version 17
VisualStudioVersion = 17.9.34728.123
MinimumVisualStudioVersion = 10.0.40219.1
Project("{FAE04EC0-301F-11D3-BF4B-00C04F79EFBC}") = "ClientesDLL", "ClentesDLL\ClientesDLL.csproj", "{B6FA3B2A-CAF6-46DD-B030-7631EF9A8CDD}"
EndProject
Global
	GlobalSection(SolutionConfigurationPlatforms) = preSolution
		Debug|Any CPU = Debug|Any CPU
		Release|Any CPU = Release|Any CPU
	EndGlobalSection
	GlobalSection(ProjectConfigurationPlatforms) = postSolution
		{B6FA3B2A-CAF6-46DD-B030-7631EF9A8CDD}.Debug|Any CPU.ActiveCfg = Debug|Any CPU
		{B6FA3B2A-CAF6-46DD-B030-7631EF9A8CDD}.Debug|Any CPU.Build.0 = Debug|Any CPU
		{B6FA3B2A-CAF6-46DD-B030-7631EF9A8CDD}.Release|Any CPU.ActiveCfg = Release|Any CPU
		{B6FA3B2A-CAF6-46DD-B030-7631EF9A8CDD}.Release|Any CPU.Build.0 = Release|Any CPU
	EndGlobalSection
	GlobalSection(SolutionProperties) = preSolution
		HideSolutionNode = FALSE
	EndGlobalSection
	GlobalSection(ExtensibilityGlobals) = postSolution
		SolutionGuid = {251D1824-C99A-4D5A-9B6D-0CE8E418B5E9}
	EndGlobalSection
EndGlobal
