
Microsoft Visual Studio Solution File, Format Version 12.00
# Visual Studio Version 17
VisualStudioVersion = 17.9.34728.123
MinimumVisualStudioVersion = 10.0.40219.1
Project("{FAE04EC0-301F-11D3-BF4B-00C04F79EFBC}") = "UsuarioDll", "UsuarioDll\UsuarioDll.csproj", "{63D6EE17-6B2E-43E3-8640-610E7A8E914A}"
EndProject
Global
	GlobalSection(SolutionConfigurationPlatforms) = preSolution
		Debug|Any CPU = Debug|Any CPU
		Release|Any CPU = Release|Any CPU
	EndGlobalSection
	GlobalSection(ProjectConfigurationPlatforms) = postSolution
		{63D6EE17-6B2E-43E3-8640-610E7A8E914A}.Debug|Any CPU.ActiveCfg = Debug|Any CPU
		{63D6EE17-6B2E-43E3-8640-610E7A8E914A}.Debug|Any CPU.Build.0 = Debug|Any CPU
		{63D6EE17-6B2E-43E3-8640-610E7A8E914A}.Release|Any CPU.ActiveCfg = Release|Any CPU
		{63D6EE17-6B2E-43E3-8640-610E7A8E914A}.Release|Any CPU.Build.0 = Release|Any CPU
	EndGlobalSection
	GlobalSection(SolutionProperties) = preSolution
		HideSolutionNode = FALSE
	EndGlobalSection
	GlobalSection(ExtensibilityGlobals) = postSolution
		SolutionGuid = {0A3481AD-8546-4720-B97B-20553EF92D9A}
	EndGlobalSection
EndGlobal
